// !$*UTF8*$!
{
	archiveVersion = 1;
	classes = {
	};
	objectVersion = 56;
	objects = {

/* Begin PBXBuildFile section */
		3C9DB052BF8C40C3B58D64EA /* libPods-GiantMallTests.a in Frameworks */ = {isa = PBXBuildFile; fileRef = 19CAAA22275E750EBE61B62E /* libPods-GiantMallTests.a */; };
		53AAE5598063A02145604444 /* libPods-GiantMall-GiantMallUITests.a in Frameworks */ = {isa = PBXBuildFile; fileRef = 0E59ACF9C2078E698345ABC4 /* libPods-GiantMall-GiantMallUITests.a */; };
		7E2FC4422EDB4163003FCDDA /* AppDelegate.m in Sources */ = {isa = PBXBuildFile; fileRef = 7E2FC4412EDB4163003FCDDA /* AppDelegate.m */; };
		7E2FC4452EDB4163003FCDDA /* SceneDelegate.m in Sources */ = {isa = PBXBuildFile; fileRef = 7E2FC4442EDB4163003FCDDA /* SceneDelegate.m */; };
		7E2FC4482EDB4163003FCDDA /* ViewController.m in Sources */ = {isa = PBXBuildFile; fileRef = 7E2FC4472EDB4163003FCDDA /* ViewController.m */; };
		7E2FC44B2EDB4163003FCDDA /* Main.storyboard in Resources */ = {isa = PBXBuildFile; fileRef = 7E2FC4492EDB4163003FCDDA /* Main.storyboard */; };
		7E2FC44D2EDB4166003FCDDA /* Assets.xcassets in Resources */ = {isa = PBXBuildFile; fileRef = 7E2FC44C2EDB4166003FCDDA /* Assets.xcassets */; };
		7E2FC4502EDB4166003FCDDA /* LaunchScreen.storyboard in Resources */ = {isa = PBXBuildFile; fileRef = 7E2FC44E2EDB4166003FCDDA /* LaunchScreen.storyboard */; };
		7E2FC4532EDB4166003FCDDA /* main.m in Sources */ = {isa = PBXBuildFile; fileRef = 7E2FC4522EDB4166003FCDDA /* main.m */; };
		7E2FC45D2EDB4167003FCDDA /* GiantMallTests.m in Sources */ = {isa = PBXBuildFile; fileRef = 7E2FC45C2EDB4167003FCDDA /* GiantMallTests.m */; };
		7E2FC4672EDB4167003FCDDA /* GiantMallUITests.m in Sources */ = {isa = PBXBuildFile; fileRef = 7E2FC4662EDB4167003FCDDA /* GiantMallUITests.m */; };
		7E2FC4692EDB4167003FCDDA /* GiantMallUITestsLaunchTests.m in Sources */ = {isa = PBXBuildFile; fileRef = 7E2FC4682EDB4167003FCDDA /* GiantMallUITestsLaunchTests.m */; };
		E0E9F47E2EDB44730075FF54 /* YYWeakProxy.m in Sources */ = {isa = PBXBuildFile; fileRef = E0E9F4782EDB44730075FF54 /* YYWeakProxy.m */; };
		E0E9F4812EDB44730075FF54 /* YYFPSLabel.m in Sources */ = {isa = PBXBuildFile; fileRef = E0E9F4762EDB44730075FF54 /* YYFPSLabel.m */; };
		E0E9F4842EDB44730075FF54 /* FPPopupMenuView.m in Sources */ = {isa = PBXBuildFile; fileRef = E0E9F4732EDB44730075FF54 /* FPPopupMenuView.m */; };
		EF93856C993E7814A745A37C /* libPods-GiantMall.a in Frameworks */ = {isa = PBXBuildFile; fileRef = F84E8EE18D80174B9A769F6A /* libPods-GiantMall.a */; };
/* End PBXBuildFile section */

/* Begin PBXContainerItemProxy section */
		7E2FC4592EDB4167003FCDDA /* PBXContainerItemProxy */ = {
			isa = PBXContainerItemProxy;
			containerPortal = 7E2FC4352EDB4163003FCDDA /* Project object */;
			proxyType = 1;
			remoteGlobalIDString = 7E2FC43C2EDB4163003FCDDA;
			remoteInfo = GiantMall;
		};
		7E2FC4632EDB4167003FCDDA /* PBXContainerItemProxy */ = {
			isa = PBXContainerItemProxy;
			containerPortal = 7E2FC4352EDB4163003FCDDA /* Project object */;
			proxyType = 1;
			remoteGlobalIDString = 7E2FC43C2EDB4163003FCDDA;
			remoteInfo = GiantMall;
		};
/* End PBXContainerItemProxy section */

/* Begin PBXFileReference section */
		0E59ACF9C2078E698345ABC4 /* libPods-GiantMall-GiantMallUITests.a */ = {isa = PBXFileReference; explicitFileType = archive.ar; includeInIndex = 0; path = "libPods-GiantMall-GiantMallUITests.a"; sourceTree = BUILT_PRODUCTS_DIR; };
		13E814AE3CCB988F15158A71 /* Pods-GiantMall-GiantMallUITests.release.xcconfig */ = {isa = PBXFileReference; includeInIndex = 1; lastKnownFileType = text.xcconfig; name = "Pods-GiantMall-GiantMallUITests.release.xcconfig"; path = "Target Support Files/Pods-GiantMall-GiantMallUITests/Pods-GiantMall-GiantMallUITests.release.xcconfig"; sourceTree = "<group>"; };
		19CAAA22275E750EBE61B62E /* libPods-GiantMallTests.a */ = {isa = PBXFileReference; explicitFileType = archive.ar; includeInIndex = 0; path = "libPods-GiantMallTests.a"; sourceTree = BUILT_PRODUCTS_DIR; };
		1B0B7B2E1E238F3C7D93DB1E /* Pods-GiantMall.release.xcconfig */ = {isa = PBXFileReference; includeInIndex = 1; lastKnownFileType = text.xcconfig; name = "Pods-GiantMall.release.xcconfig"; path = "Target Support Files/Pods-GiantMall/Pods-GiantMall.release.xcconfig"; sourceTree = "<group>"; };
		406C7B611D1568594847BDBA /* Pods-GiantMall-GiantMallUITests.debug.xcconfig */ = {isa = PBXFileReference; includeInIndex = 1; lastKnownFileType = text.xcconfig; name = "Pods-GiantMall-GiantMallUITests.debug.xcconfig"; path = "Target Support Files/Pods-GiantMall-GiantMallUITests/Pods-GiantMall-GiantMallUITests.debug.xcconfig"; sourceTree = "<group>"; };
		7E2FC43D2EDB4163003FCDDA /* GiantMall.app */ = {isa = PBXFileReference; explicitFileType = wrapper.application; includeInIndex = 0; path = GiantMall.app; sourceTree = BUILT_PRODUCTS_DIR; };
		7E2FC4402EDB4163003FCDDA /* AppDelegate.h */ = {isa = PBXFileReference; lastKnownFileType = sourcecode.c.h; path = AppDelegate.h; sourceTree = "<group>"; };
		7E2FC4412EDB4163003FCDDA /* AppDelegate.m */ = {isa = PBXFileReference; lastKnownFileType = sourcecode.c.objc; path = AppDelegate.m; sourceTree = "<group>"; };
		7E2FC4432EDB4163003FCDDA /* SceneDelegate.h */ = {isa = PBXFileReference; lastKnownFileType = sourcecode.c.h; path = SceneDelegate.h; sourceTree = "<group>"; };
		7E2FC4442EDB4163003FCDDA /* SceneDelegate.m */ = {isa = PBXFileReference; lastKnownFileType = sourcecode.c.objc; path = SceneDelegate.m; sourceTree = "<group>"; };
		7E2FC4462EDB4163003FCDDA /* ViewController.h */ = {isa = PBXFileReference; lastKnownFileType = sourcecode.c.h; path = ViewController.h; sourceTree = "<group>"; };
		7E2FC4472EDB4163003FCDDA /* ViewController.m */ = {isa = PBXFileReference; lastKnownFileType = sourcecode.c.objc; path = ViewController.m; sourceTree = "<group>"; };
		7E2FC44A2EDB4163003FCDDA /* Base */ = {isa = PBXFileReference; lastKnownFileType = file.storyboard; name = Base; path = Base.lproj/Main.storyboard; sourceTree = "<group>"; };
		7E2FC44C2EDB4166003FCDDA /* Assets.xcassets */ = {isa = PBXFileReference; lastKnownFileType = folder.assetcatalog; path = Assets.xcassets; sourceTree = "<group>"; };
		7E2FC44F2EDB4166003FCDDA /* Base */ = {isa = PBXFileReference; lastKnownFileType = file.storyboard; name = Base; path = Base.lproj/LaunchScreen.storyboard; sourceTree = "<group>"; };
		7E2FC4512EDB4166003FCDDA /* Info.plist */ = {isa = PBXFileReference; lastKnownFileType = text.plist.xml; path = Info.plist; sourceTree = "<group>"; };
		7E2FC4522EDB4166003FCDDA /* main.m */ = {isa = PBXFileReference; lastKnownFileType = sourcecode.c.objc; path = main.m; sourceTree = "<group>"; };
		7E2FC4582EDB4167003FCDDA /* GiantMallTests.xctest */ = {isa = PBXFileReference; explicitFileType = wrapper.cfbundle; includeInIndex = 0; path = GiantMallTests.xctest; sourceTree = BUILT_PRODUCTS_DIR; };
		7E2FC45C2EDB4167003FCDDA /* GiantMallTests.m */ = {isa = PBXFileReference; lastKnownFileType = sourcecode.c.objc; path = GiantMallTests.m; sourceTree = "<group>"; };
		7E2FC4622EDB4167003FCDDA /* GiantMallUITests.xctest */ = {isa = PBXFileReference; explicitFileType = wrapper.cfbundle; includeInIndex = 0; path = GiantMallUITests.xctest; sourceTree = BUILT_PRODUCTS_DIR; };
		7E2FC4662EDB4167003FCDDA /* GiantMallUITests.m */ = {isa = PBXFileReference; lastKnownFileType = sourcecode.c.objc; path = GiantMallUITests.m; sourceTree = "<group>"; };
		7E2FC4682EDB4167003FCDDA /* GiantMallUITestsLaunchTests.m */ = {isa = PBXFileReference; lastKnownFileType = sourcecode.c.objc; path = GiantMallUITestsLaunchTests.m; sourceTree = "<group>"; };
		B8546B7186F466BFDD3F7AC4 /* Pods-GiantMallTests.release.xcconfig */ = {isa = PBXFileReference; includeInIndex = 1; lastKnownFileType = text.xcconfig; name = "Pods-GiantMallTests.release.xcconfig"; path = "Target Support Files/Pods-GiantMallTests/Pods-GiantMallTests.release.xcconfig"; sourceTree = "<group>"; };
		DB1CC0D081123F2DA20978DF /* Pods-GiantMallTests.debug.xcconfig */ = {isa = PBXFileReference; includeInIndex = 1; lastKnownFileType = text.xcconfig; name = "Pods-GiantMallTests.debug.xcconfig"; path = "Target Support Files/Pods-GiantMallTests/Pods-GiantMallTests.debug.xcconfig"; sourceTree = "<group>"; };
		E0E9F4722EDB44730075FF54 /* FPPopupMenuView.h */ = {isa = PBXFileReference; lastKnownFileType = sourcecode.c.h; path = FPPopupMenuView.h; sourceTree = "<group>"; };
		E0E9F4732EDB44730075FF54 /* FPPopupMenuView.m */ = {isa = PBXFileReference; lastKnownFileType = sourcecode.c.objc; path = FPPopupMenuView.m; sourceTree = "<group>"; };
		E0E9F4752EDB44730075FF54 /* YYFPSLabel.h */ = {isa = PBXFileReference; lastKnownFileType = sourcecode.c.h; path = YYFPSLabel.h; sourceTree = "<group>"; };
		E0E9F4762EDB44730075FF54 /* YYFPSLabel.m */ = {isa = PBXFileReference; lastKnownFileType = sourcecode.c.objc; path = YYFPSLabel.m; sourceTree = "<group>"; };
		E0E9F4772EDB44730075FF54 /* YYWeakProxy.h */ = {isa = PBXFileReference; lastKnownFileType = sourcecode.c.h; path = YYWeakProxy.h; sourceTree = "<group>"; };
		E0E9F4782EDB44730075FF54 /* YYWeakProxy.m */ = {isa = PBXFileReference; lastKnownFileType = sourcecode.c.objc; path = YYWeakProxy.m; sourceTree = "<group>"; };
		F295ACC29CD90C57932CA039 /* Pods-GiantMall.debug.xcconfig */ = {isa = PBXFileReference; includeInIndex = 1; lastKnownFileType = text.xcconfig; name = "Pods-GiantMall.debug.xcconfig"; path = "Target Support Files/Pods-GiantMall/Pods-GiantMall.debug.xcconfig"; sourceTree = "<group>"; };
		F84E8EE18D80174B9A769F6A /* libPods-GiantMall.a */ = {isa = PBXFileReference; explicitFileType = archive.ar; includeInIndex = 0; path = "libPods-GiantMall.a"; sourceTree = BUILT_PRODUCTS_DIR; };
/* End PBXFileReference section */

/* Begin PBXFrameworksBuildPhase section */
		7E2FC43A2EDB4163003FCDDA /* Frameworks */ = {
			isa = PBXFrameworksBuildPhase;
			buildActionMask = 2147483647;
			files = (
				EF93856C993E7814A745A37C /* libPods-GiantMall.a in Frameworks */,
			);
			runOnlyForDeploymentPostprocessing = 0;
		};
		7E2FC4552EDB4167003FCDDA /* Frameworks */ = {
			isa = PBXFrameworksBuildPhase;
			buildActionMask = 2147483647;
			files = (
				3C9DB052BF8C40C3B58D64EA /* libPods-GiantMallTests.a in Frameworks */,
			);
			runOnlyForDeploymentPostprocessing = 0;
		};
		7E2FC45F2EDB4167003FCDDA /* Frameworks */ = {
			isa = PBXFrameworksBuildPhase;
			buildActionMask = 2147483647;
			files = (
				53AAE5598063A02145604444 /* libPods-GiantMall-GiantMallUITests.a in Frameworks */,
			);
			runOnlyForDeploymentPostprocessing = 0;
		};
/* End PBXFrameworksBuildPhase section */

/* Begin PBXGroup section */
		1D97D4C1FF823D2FAF67BB2B /* Frameworks */ = {
			isa = PBXGroup;
			children = (
				F84E8EE18D80174B9A769F6A /* libPods-GiantMall.a */,
				0E59ACF9C2078E698345ABC4 /* libPods-GiantMall-GiantMallUITests.a */,
				19CAAA22275E750EBE61B62E /* libPods-GiantMallTests.a */,
			);
			name = Frameworks;
			sourceTree = "<group>";
		};
		7E2FC4342EDB4163003FCDDA = {
			isa = PBXGroup;
			children = (
				7E2FC43F2EDB4163003FCDDA /* GiantMall */,
				7E2FC45B2EDB4167003FCDDA /* GiantMallTests */,
				7E2FC4652EDB4167003FCDDA /* GiantMallUITests */,
				7E2FC43E2EDB4163003FCDDA /* Products */,
				9E1F2460189C6CCF467FF1B7 /* Pods */,
				1D97D4C1FF823D2FAF67BB2B /* Frameworks */,
			);
			sourceTree = "<group>";
		};
		7E2FC43E2EDB4163003FCDDA /* Products */ = {
			isa = PBXGroup;
			children = (
				7E2FC43D2EDB4163003FCDDA /* GiantMall.app */,
				7E2FC4582EDB4167003FCDDA /* GiantMallTests.xctest */,
				7E2FC4622EDB4167003FCDDA /* GiantMallUITests.xctest */,
			);
			name = Products;
			sourceTree = "<group>";
		};
		7E2FC43F2EDB4163003FCDDA /* GiantMall */ = {
			isa = PBXGroup;
			children = (
				7E2FC4402EDB4163003FCDDA /* AppDelegate.h */,
				7E2FC4412EDB4163003FCDDA /* AppDelegate.m */,
				7E2FC4432EDB4163003FCDDA /* SceneDelegate.h */,
				7E2FC4442EDB4163003FCDDA /* SceneDelegate.m */,
				7E2FC4462EDB4163003FCDDA /* ViewController.h */,
				7E2FC4472EDB4163003FCDDA /* ViewController.m */,
				E0E9F47B2EDB44730075FF54 /* Common */,
				7E2FC4492EDB4163003FCDDA /* Main.storyboard */,
				7E2FC44C2EDB4166003FCDDA /* Assets.xcassets */,
				7E2FC44E2EDB4166003FCDDA /* LaunchScreen.storyboard */,
				7E2FC4512EDB4166003FCDDA /* Info.plist */,
				7E2FC4522EDB4166003FCDDA /* main.m */,
			);
			path = GiantMall;
			sourceTree = "<group>";
		};
		7E2FC45B2EDB4167003FCDDA /* GiantMallTests */ = {
			isa = PBXGroup;
			children = (
				7E2FC45C2EDB4167003FCDDA /* GiantMallTests.m */,
			);
			path = GiantMallTests;
			sourceTree = "<group>";
		};
		7E2FC4652EDB4167003FCDDA /* GiantMallUITests */ = {
			isa = PBXGroup;
			children = (
				7E2FC4662EDB4167003FCDDA /* GiantMallUITests.m */,
				7E2FC4682EDB4167003FCDDA /* GiantMallUITestsLaunchTests.m */,
			);
			path = GiantMallUITests;
			sourceTree = "<group>";
		};
		9E1F2460189C6CCF467FF1B7 /* Pods */ = {
			isa = PBXGroup;
			children = (
				F295ACC29CD90C57932CA039 /* Pods-GiantMall.debug.xcconfig */,
				1B0B7B2E1E238F3C7D93DB1E /* Pods-GiantMall.release.xcconfig */,
				406C7B611D1568594847BDBA /* Pods-GiantMall-GiantMallUITests.debug.xcconfig */,
				13E814AE3CCB988F15158A71 /* Pods-GiantMall-GiantMallUITests.release.xcconfig */,
				DB1CC0D081123F2DA20978DF /* Pods-GiantMallTests.debug.xcconfig */,
				B8546B7186F466BFDD3F7AC4 /* Pods-GiantMallTests.release.xcconfig */,
			);
			path = Pods;
			sourceTree = "<group>";
		};
		E0E9F4742EDB44730075FF54 /* PopupMenu */ = {
			isa = PBXGroup;
			children = (
				E0E9F4722EDB44730075FF54 /* FPPopupMenuView.h */,
				E0E9F4732EDB44730075FF54 /* FPPopupMenuView.m */,
			);
			path = PopupMenu;
			sourceTree = "<group>";
		};
		E0E9F4792EDB44730075FF54 /* YYFPSLabel */ = {
			isa = PBXGroup;
			children = (
				E0E9F4752EDB44730075FF54 /* YYFPSLabel.h */,
				E0E9F4762EDB44730075FF54 /* YYFPSLabel.m */,
				E0E9F4772EDB44730075FF54 /* YYWeakProxy.h */,
				E0E9F4782EDB44730075FF54 /* YYWeakProxy.m */,
			);
			path = YYFPSLabel;
			sourceTree = "<group>";
		};
		E0E9F47A2EDB44730075FF54 /* View */ = {
			isa = PBXGroup;
			children = (
				E0E9F4742EDB44730075FF54 /* PopupMenu */,
				E0E9F4792EDB44730075FF54 /* YYFPSLabel */,
			);
			path = View;
			sourceTree = "<group>";
		};
		E0E9F47B2EDB44730075FF54 /* Common */ = {
			isa = PBXGroup;
			children = (
				E0E9F47A2EDB44730075FF54 /* View */,
			);
			path = Common;
			sourceTree = "<group>";
		};
/* End PBXGroup section */

/* Begin PBXNativeTarget section */
		7E2FC43C2EDB4163003FCDDA /* GiantMall */ = {
			isa = PBXNativeTarget;
			buildConfigurationList = 7E2FC46C2EDB4167003FCDDA /* Build configuration list for PBXNativeTarget "GiantMall" */;
			buildPhases = (
				44CDF90418CCFF1AC956ABBE /* [CP] Check Pods Manifest.lock */,
				7E2FC4392EDB4163003FCDDA /* Sources */,
				7E2FC43A2EDB4163003FCDDA /* Frameworks */,
				7E2FC43B2EDB4163003FCDDA /* Resources */,
				87D483F90D16856CBBCB6459 /* [CP] Copy Pods Resources */,
			);
			buildRules = (
			);
			dependencies = (
			);
			name = GiantMall;
			productName = GiantMall;
			productReference = 7E2FC43D2EDB4163003FCDDA /* GiantMall.app */;
			productType = "com.apple.product-type.application";
		};
		7E2FC4572EDB4167003FCDDA /* GiantMallTests */ = {
			isa = PBXNativeTarget;
			buildConfigurationList = 7E2FC46F2EDB4167003FCDDA /* Build configuration list for PBXNativeTarget "GiantMallTests" */;
			buildPhases = (
				9689F61A620259C30ABB3056 /* [CP] Check Pods Manifest.lock */,
				7E2FC4542EDB4167003FCDDA /* Sources */,
				7E2FC4552EDB4167003FCDDA /* Frameworks */,
				7E2FC4562EDB4167003FCDDA /* Resources */,
			);
			buildRules = (
			);
			dependencies = (
				7E2FC45A2EDB4167003FCDDA /* PBXTargetDependency */,
			);
			name = GiantMallTests;
			productName = GiantMallTests;
			productReference = 7E2FC4582EDB4167003FCDDA /* GiantMallTests.xctest */;
			productType = "com.apple.product-type.bundle.unit-test";
		};
		7E2FC4612EDB4167003FCDDA /* GiantMallUITests */ = {
			isa = PBXNativeTarget;
			buildConfigurationList = 7E2FC4722EDB4167003FCDDA /* Build configuration list for PBXNativeTarget "GiantMallUITests" */;
			buildPhases = (
				BBFC2F9506FE735C074F37A3 /* [CP] Check Pods Manifest.lock */,
				7E2FC45E2EDB4167003FCDDA /* Sources */,
				7E2FC45F2EDB4167003FCDDA /* Frameworks */,
				7E2FC4602EDB4167003FCDDA /* Resources */,
				A07FDDA59776E09817825345 /* [CP] Copy Pods Resources */,
			);
			buildRules = (
			);
			dependencies = (
				7E2FC4642EDB4167003FCDDA /* PBXTargetDependency */,
			);
			name = GiantMallUITests;
			productName = GiantMallUITests;
			productReference = 7E2FC4622EDB4167003FCDDA /* GiantMallUITests.xctest */;
			productType = "com.apple.product-type.bundle.ui-testing";
		};
/* End PBXNativeTarget section */

/* Begin PBXProject section */
		7E2FC4352EDB4163003FCDDA /* Project object */ = {
			isa = PBXProject;
			attributes = {
				BuildIndependentTargetsInParallel = 1;
				LastUpgradeCheck = 1420;
				TargetAttributes = {
					7E2FC43C2EDB4163003FCDDA = {
						CreatedOnToolsVersion = 14.2;
					};
					7E2FC4572EDB4167003FCDDA = {
						CreatedOnToolsVersion = 14.2;
						TestTargetID = 7E2FC43C2EDB4163003FCDDA;
					};
					7E2FC4612EDB4167003FCDDA = {
						CreatedOnToolsVersion = 14.2;
						TestTargetID = 7E2FC43C2EDB4163003FCDDA;
					};
				};
			};
			buildConfigurationList = 7E2FC4382EDB4163003FCDDA /* Build configuration list for PBXProject "GiantMall" */;
			compatibilityVersion = "Xcode 14.0";
			developmentRegion = en;
			hasScannedForEncodings = 0;
			knownRegions = (
				en,
				Base,
			);
			mainGroup = 7E2FC4342EDB4163003FCDDA;
			productRefGroup = 7E2FC43E2EDB4163003FCDDA /* Products */;
			projectDirPath = "";
			projectRoot = "";
			targets = (
				7E2FC43C2EDB4163003FCDDA /* GiantMall */,
				7E2FC4572EDB4167003FCDDA /* GiantMallTests */,
				7E2FC4612EDB4167003FCDDA /* GiantMallUITests */,
			);
		};
/* End PBXProject section */

/* Begin PBXResourcesBuildPhase section */
		7E2FC43B2EDB4163003FCDDA /* Resources */ = {
			isa = PBXResourcesBuildPhase;
			buildActionMask = 2147483647;
			files = (
				7E2FC4502EDB4166003FCDDA /* LaunchScreen.storyboard in Resources */,
				7E2FC44D2EDB4166003FCDDA /* Assets.xcassets in Resources */,
				7E2FC44B2EDB4163003FCDDA /* Main.storyboard in Resources */,
			);
			runOnlyForDeploymentPostprocessing = 0;
		};
		7E2FC4562EDB4167003FCDDA /* Resources */ = {
			isa = PBXResourcesBuildPhase;
			buildActionMask = 2147483647;
			files = (
			);
			runOnlyForDeploymentPostprocessing = 0;
		};
		7E2FC4602EDB4167003FCDDA /* Resources */ = {
			isa = PBXResourcesBuildPhase;
			buildActionMask = 2147483647;
			files = (
			);
			runOnlyForDeploymentPostprocessing = 0;
		};
/* End PBXResourcesBuildPhase section */

/* Begin PBXShellScriptBuildPhase section */
		44CDF90418CCFF1AC956ABBE /* [CP] Check Pods Manifest.lock */ = {
			isa = PBXShellScriptBuildPhase;
			buildActionMask = 2147483647;
			files = (
			);
			inputFileListPaths = (
			);
			inputPaths = (
				"${PODS_PODFILE_DIR_PATH}/Podfile.lock",
				"${PODS_ROOT}/Manifest.lock",
			);
			name = "[CP] Check Pods Manifest.lock";
			outputFileListPaths = (
			);
			outputPaths = (
				"$(DERIVED_FILE_DIR)/Pods-GiantMall-checkManifestLockResult.txt",
			);
			runOnlyForDeploymentPostprocessing = 0;
			shellPath = /bin/sh;
			shellScript = "diff \"${PODS_PODFILE_DIR_PATH}/Podfile.lock\" \"${PODS_ROOT}/Manifest.lock\" > /dev/null\nif [ $? != 0 ] ; then\n    # print error to STDERR\n    echo \"error: The sandbox is not in sync with the Podfile.lock. Run 'pod install' or update your CocoaPods installation.\" >&2\n    exit 1\nfi\n# This output is used by Xcode 'outputs' to avoid re-running this script phase.\necho \"SUCCESS\" > \"${SCRIPT_OUTPUT_FILE_0}\"\n";
			showEnvVarsInLog = 0;
		};
		87D483F90D16856CBBCB6459 /* [CP] Copy Pods Resources */ = {
			isa = PBXShellScriptBuildPhase;
			buildActionMask = 2147483647;
			files = (
			);
			inputFileListPaths = (
				"${PODS_ROOT}/Target Support Files/Pods-GiantMall/Pods-GiantMall-resources-${CONFIGURATION}-input-files.xcfilelist",
			);
			name = "[CP] Copy Pods Resources";
			outputFileListPaths = (
				"${PODS_ROOT}/Target Support Files/Pods-GiantMall/Pods-GiantMall-resources-${CONFIGURATION}-output-files.xcfilelist",
			);
			runOnlyForDeploymentPostprocessing = 0;
			shellPath = /bin/sh;
			shellScript = "\"${PODS_ROOT}/Target Support Files/Pods-GiantMall/Pods-GiantMall-resources.sh\"\n";
			showEnvVarsInLog = 0;
		};
		9689F61A620259C30ABB3056 /* [CP] Check Pods Manifest.lock */ = {
			isa = PBXShellScriptBuildPhase;
			buildActionMask = 2147483647;
			files = (
			);
			inputFileListPaths = (
			);
			inputPaths = (
				"${PODS_PODFILE_DIR_PATH}/Podfile.lock",
				"${PODS_ROOT}/Manifest.lock",
			);
			name = "[CP] Check Pods Manifest.lock";
			outputFileListPaths = (
			);
			outputPaths = (
				"$(DERIVED_FILE_DIR)/Pods-GiantMallTests-checkManifestLockResult.txt",
			);
			runOnlyForDeploymentPostprocessing = 0;
			shellPath = /bin/sh;
			shellScript = "diff \"${PODS_PODFILE_DIR_PATH}/Podfile.lock\" \"${PODS_ROOT}/Manifest.lock\" > /dev/null\nif [ $? != 0 ] ; then\n    # print error to STDERR\n    echo \"error: The sandbox is not in sync with the Podfile.lock. Run 'pod install' or update your CocoaPods installation.\" >&2\n    exit 1\nfi\n# This output is used by Xcode 'outputs' to avoid re-running this script phase.\necho \"SUCCESS\" > \"${SCRIPT_OUTPUT_FILE_0}\"\n";
			showEnvVarsInLog = 0;
		};
		A07FDDA59776E09817825345 /* [CP] Copy Pods Resources */ = {
			isa = PBXShellScriptBuildPhase;
			buildActionMask = 2147483647;
			files = (
			);
			inputFileListPaths = (
				"${PODS_ROOT}/Target Support Files/Pods-GiantMall-GiantMallUITests/Pods-GiantMall-GiantMallUITests-resources-${CONFIGURATION}-input-files.xcfilelist",
			);
			name = "[CP] Copy Pods Resources";
			outputFileListPaths = (
				"${PODS_ROOT}/Target Support Files/Pods-GiantMall-GiantMallUITests/Pods-GiantMall-GiantMallUITests-resources-${CONFIGURATION}-output-files.xcfilelist",
			);
			runOnlyForDeploymentPostprocessing = 0;
			shellPath = /bin/sh;
			shellScript = "\"${PODS_ROOT}/Target Support Files/Pods-GiantMall-GiantMallUITests/Pods-GiantMall-GiantMallUITests-resources.sh\"\n";
			showEnvVarsInLog = 0;
		};
		BBFC2F9506FE735C074F37A3 /* [CP] Check Pods Manifest.lock */ = {
			isa = PBXShellScriptBuildPhase;
			buildActionMask = 2147483647;
			files = (
			);
			inputFileListPaths = (
			);
			inputPaths = (
				"${PODS_PODFILE_DIR_PATH}/Podfile.lock",
				"${PODS_ROOT}/Manifest.lock",
			);
			name = "[CP] Check Pods Manifest.lock";
			outputFileListPaths = (
			);
			outputPaths = (
				"$(DERIVED_FILE_DIR)/Pods-GiantMall-GiantMallUITests-checkManifestLockResult.txt",
			);
			runOnlyForDeploymentPostprocessing = 0;
			shellPath = /bin/sh;
			shellScript = "diff \"${PODS_PODFILE_DIR_PATH}/Podfile.lock\" \"${PODS_ROOT}/Manifest.lock\" > /dev/null\nif [ $? != 0 ] ; then\n    # print error to STDERR\n    echo \"error: The sandbox is not in sync with the Podfile.lock. Run 'pod install' or update your CocoaPods installation.\" >&2\n    exit 1\nfi\n# This output is used by Xcode 'outputs' to avoid re-running this script phase.\necho \"SUCCESS\" > \"${SCRIPT_OUTPUT_FILE_0}\"\n";
			showEnvVarsInLog = 0;
		};
/* End PBXShellScriptBuildPhase section */

/* Begin PBXSourcesBuildPhase section */
		7E2FC4392EDB4163003FCDDA /* Sources */ = {
			isa = PBXSourcesBuildPhase;
			buildActionMask = 2147483647;
			files = (
				7E2FC4482EDB4163003FCDDA /* ViewController.m in Sources */,
				7E2FC4422EDB4163003FCDDA /* AppDelegate.m in Sources */,
				E0E9F47E2EDB44730075FF54 /* YYWeakProxy.m in Sources */,
				E0E9F4812EDB44730075FF54 /* YYFPSLabel.m in Sources */,
				E0E9F4842EDB44730075FF54 /* FPPopupMenuView.m in Sources */,
				7E2FC4532EDB4166003FCDDA /* main.m in Sources */,
				7E2FC4452EDB4163003FCDDA /* SceneDelegate.m in Sources */,
			);
			runOnlyForDeploymentPostprocessing = 0;
		};
		7E2FC4542EDB4167003FCDDA /* Sources */ = {
			isa = PBXSourcesBuildPhase;
			buildActionMask = 2147483647;
			files = (
				7E2FC45D2EDB4167003FCDDA /* GiantMallTests.m in Sources */,
			);
			runOnlyForDeploymentPostprocessing = 0;
		};
		7E2FC45E2EDB4167003FCDDA /* Sources */ = {
			isa = PBXSourcesBuildPhase;
			buildActionMask = 2147483647;
			files = (
				7E2FC4692EDB4167003FCDDA /* GiantMallUITestsLaunchTests.m in Sources */,
				7E2FC4672EDB4167003FCDDA /* GiantMallUITests.m in Sources */,
			);
			runOnlyForDeploymentPostprocessing = 0;
		};
/* End PBXSourcesBuildPhase section */

/* Begin PBXTargetDependency section */
		7E2FC45A2EDB4167003FCDDA /* PBXTargetDependency */ = {
			isa = PBXTargetDependency;
			target = 7E2FC43C2EDB4163003FCDDA /* GiantMall */;
			targetProxy = 7E2FC4592EDB4167003FCDDA /* PBXContainerItemProxy */;
		};
		7E2FC4642EDB4167003FCDDA /* PBXTargetDependency */ = {
			isa = PBXTargetDependency;
			target = 7E2FC43C2EDB4163003FCDDA /* GiantMall */;
			targetProxy = 7E2FC4632EDB4167003FCDDA /* PBXContainerItemProxy */;
		};
/* End PBXTargetDependency section */

/* Begin PBXVariantGroup section */
		7E2FC4492EDB4163003FCDDA /* Main.storyboard */ = {
			isa = PBXVariantGroup;
			children = (
				7E2FC44A2EDB4163003FCDDA /* Base */,
			);
			name = Main.storyboard;
			sourceTree = "<group>";
		};
		7E2FC44E2EDB4166003FCDDA /* LaunchScreen.storyboard */ = {
			isa = PBXVariantGroup;
			children = (
				7E2FC44F2EDB4166003FCDDA /* Base */,
			);
			name = LaunchScreen.storyboard;
			sourceTree = "<group>";
		};
/* End PBXVariantGroup section */

/* Begin XCBuildConfiguration section */
		7E2FC46A2EDB4167003FCDDA /* Debug */ = {
			isa = XCBuildConfiguration;
			buildSettings = {
				ALWAYS_SEARCH_USER_PATHS = NO;
				CLANG_ANALYZER_NONNULL = YES;
				CLANG_ANALYZER_NUMBER_OBJECT_CONVERSION = YES_AGGRESSIVE;
				CLANG_CXX_LANGUAGE_STANDARD = "gnu++20";
				CLANG_ENABLE_MODULES = YES;
				CLANG_ENABLE_OBJC_ARC = YES;
				CLANG_ENABLE_OBJC_WEAK = YES;
				CLANG_WARN_BLOCK_CAPTURE_AUTORELEASING = YES;
				CLANG_WARN_BOOL_CONVERSION = YES;
				CLANG_WARN_COMMA = YES;
				CLANG_WARN_CONSTANT_CONVERSION = YES;
				CLANG_WARN_DEPRECATED_OBJC_IMPLEMENTATIONS = YES;
				CLANG_WARN_DIRECT_OBJC_ISA_USAGE = YES_ERROR;
				CLANG_WARN_DOCUMENTATION_COMMENTS = YES;
				CLANG_WARN_EMPTY_BODY = YES;
				CLANG_WARN_ENUM_CONVERSION = YES;
				CLANG_WARN_INFINITE_RECURSION = YES;
				CLANG_WARN_INT_CONVERSION = YES;
				CLANG_WARN_NON_LITERAL_NULL_CONVERSION = YES;
				CLANG_WARN_OBJC_IMPLICIT_RETAIN_SELF = YES;
				CLANG_WARN_OBJC_LITERAL_CONVERSION = YES;
				CLANG_WARN_OBJC_ROOT_CLASS = YES_ERROR;
				CLANG_WARN_QUOTED_INCLUDE_IN_FRAMEWORK_HEADER = YES;
				CLANG_WARN_RANGE_LOOP_ANALYSIS = YES;
				CLANG_WARN_STRICT_PROTOTYPES = YES;
				CLANG_WARN_SUSPICIOUS_MOVE = YES;
				CLANG_WARN_UNGUARDED_AVAILABILITY = YES_AGGRESSIVE;
				CLANG_WARN_UNREACHABLE_CODE = YES;
				CLANG_WARN__DUPLICATE_METHOD_MATCH = YES;
				COPY_PHASE_STRIP = NO;
				DEBUG_INFORMATION_FORMAT = dwarf;
				ENABLE_STRICT_OBJC_MSGSEND = YES;
				ENABLE_TESTABILITY = YES;
				GCC_C_LANGUAGE_STANDARD = gnu11;
				GCC_DYNAMIC_NO_PIC = NO;
				GCC_NO_COMMON_BLOCKS = YES;
				GCC_OPTIMIZATION_LEVEL = 0;
				GCC_PREPROCESSOR_DEFINITIONS = (
					"DEBUG=1",
					"$(inherited)",
				);
				GCC_WARN_64_TO_32_BIT_CONVERSION = YES;
				GCC_WARN_ABOUT_RETURN_TYPE = YES_ERROR;
				GCC_WARN_UNDECLARED_SELECTOR = YES;
				GCC_WARN_UNINITIALIZED_AUTOS = YES_AGGRESSIVE;
				GCC_WARN_UNUSED_FUNCTION = YES;
				GCC_WARN_UNUSED_VARIABLE = YES;
				IPHONEOS_DEPLOYMENT_TARGET = 16.2;
				MTL_ENABLE_DEBUG_INFO = INCLUDE_SOURCE;
				MTL_FAST_MATH = YES;
				ONLY_ACTIVE_ARCH = YES;
				SDKROOT = iphoneos;
			};
			name = Debug;
		};
		7E2FC46B2EDB4167003FCDDA /* Release */ = {
			isa = XCBuildConfiguration;
			buildSettings = {
				ALWAYS_SEARCH_USER_PATHS = NO;
				CLANG_ANALYZER_NONNULL = YES;
				CLANG_ANALYZER_NUMBER_OBJECT_CONVERSION = YES_AGGRESSIVE;
				CLANG_CXX_LANGUAGE_STANDARD = "gnu++20";
				CLANG_ENABLE_MODULES = YES;
				CLANG_ENABLE_OBJC_ARC = YES;
				CLANG_ENABLE_OBJC_WEAK = YES;
				CLANG_WARN_BLOCK_CAPTURE_AUTORELEASING = YES;
				CLANG_WARN_BOOL_CONVERSION = YES;
				CLANG_WARN_COMMA = YES;
				CLANG_WARN_CONSTANT_CONVERSION = YES;
				CLANG_WARN_DEPRECATED_OBJC_IMPLEMENTATIONS = YES;
				CLANG_WARN_DIRECT_OBJC_ISA_USAGE = YES_ERROR;
				CLANG_WARN_DOCUMENTATION_COMMENTS = YES;
				CLANG_WARN_EMPTY_BODY = YES;
				CLANG_WARN_ENUM_CONVERSION = YES;
				CLANG_WARN_INFINITE_RECURSION = YES;
				CLANG_WARN_INT_CONVERSION = YES;
				CLANG_WARN_NON_LITERAL_NULL_CONVERSION = YES;
				CLANG_WARN_OBJC_IMPLICIT_RETAIN_SELF = YES;
				CLANG_WARN_OBJC_LITERAL_CONVERSION = YES;
				CLANG_WARN_OBJC_ROOT_CLASS = YES_ERROR;
				CLANG_WARN_QUOTED_INCLUDE_IN_FRAMEWORK_HEADER = YES;
				CLANG_WARN_RANGE_LOOP_ANALYSIS = YES;
				CLANG_WARN_STRICT_PROTOTYPES = YES;
				CLANG_WARN_SUSPICIOUS_MOVE = YES;
				CLANG_WARN_UNGUARDED_AVAILABILITY = YES_AGGRESSIVE;
				CLANG_WARN_UNREACHABLE_CODE = YES;
				CLANG_WARN__DUPLICATE_METHOD_MATCH = YES;
				COPY_PHASE_STRIP = NO;
				DEBUG_INFORMATION_FORMAT = "dwarf-with-dsym";
				ENABLE_NS_ASSERTIONS = NO;
				ENABLE_STRICT_OBJC_MSGSEND = YES;
				GCC_C_LANGUAGE_STANDARD = gnu11;
				GCC_NO_COMMON_BLOCKS = YES;
				GCC_WARN_64_TO_32_BIT_CONVERSION = YES;
				GCC_WARN_ABOUT_RETURN_TYPE = YES_ERROR;
				GCC_WARN_UNDECLARED_SELECTOR = YES;
				GCC_WARN_UNINITIALIZED_AUTOS = YES_AGGRESSIVE;
				GCC_WARN_UNUSED_FUNCTION = YES;
				GCC_WARN_UNUSED_VARIABLE = YES;
				IPHONEOS_DEPLOYMENT_TARGET = 16.2;
				MTL_ENABLE_DEBUG_INFO = NO;
				MTL_FAST_MATH = YES;
				SDKROOT = iphoneos;
				VALIDATE_PRODUCT = YES;
			};
			name = Release;
		};
		7E2FC46D2EDB4167003FCDDA /* Debug */ = {
			isa = XCBuildConfiguration;
			baseConfigurationReference = F295ACC29CD90C57932CA039 /* Pods-GiantMall.debug.xcconfig */;
			buildSettings = {
				ALWAYS_EMBED_SWIFT_STANDARD_LIBRARIES = NO;
				ASSETCATALOG_COMPILER_APPICON_NAME = AppIcon;
				ASSETCATALOG_COMPILER_GLOBAL_ACCENT_COLOR_NAME = AccentColor;
				CODE_SIGN_IDENTITY = "Apple Development";
				"CODE_SIGN_IDENTITY[sdk=iphoneos*]" = "iPhone Developer";
				CODE_SIGN_STYLE = Manual;
				CURRENT_PROJECT_VERSION = 1;
				DEVELOPMENT_TEAM = "";
				"DEVELOPMENT_TEAM[sdk=iphoneos*]" = 6Y6PJDEC8X;
				GENERATE_INFOPLIST_FILE = YES;
				INFOPLIST_FILE = GiantMall/Info.plist;
				INFOPLIST_KEY_UIApplicationSupportsIndirectInputEvents = YES;
				INFOPLIST_KEY_UILaunchStoryboardName = LaunchScreen;
				INFOPLIST_KEY_UIMainStoryboardFile = Main;
				INFOPLIST_KEY_UISupportedInterfaceOrientations_iPad = "UIInterfaceOrientationPortrait UIInterfaceOrientationPortraitUpsideDown UIInterfaceOrientationLandscapeLeft UIInterfaceOrientationLandscapeRight";
				INFOPLIST_KEY_UISupportedInterfaceOrientations_iPhone = "UIInterfaceOrientationPortrait UIInterfaceOrientationLandscapeLeft UIInterfaceOrientationLandscapeRight";
				IPHONEOS_DEPLOYMENT_TARGET = 15.6;
				LD_RUNPATH_SEARCH_PATHS = (
					"$(inherited)",
					"@executable_path/Frameworks",
				);
				MARKETING_VERSION = 1.0;
				PRODUCT_BUNDLE_IDENTIFIER = com.fp.GiantMall;
				PRODUCT_NAME = "$(TARGET_NAME)";
				PROVISIONING_PROFILE_SPECIFIER = "";
				"PROVISIONING_PROFILE_SPECIFIER[sdk=iphoneos*]" = GiantMall;
				SWIFT_EMIT_LOC_STRINGS = YES;
				TARGETED_DEVICE_FAMILY = "1,2";
			};
			name = Debug;
		};
		7E2FC46E2EDB4167003FCDDA /* Release */ = {
			isa = XCBuildConfiguration;
			baseConfigurationReference = 1B0B7B2E1E238F3C7D93DB1E /* Pods-GiantMall.release.xcconfig */;
			buildSettings = {
				ALWAYS_EMBED_SWIFT_STANDARD_LIBRARIES = NO;
				ASSETCATALOG_COMPILER_APPICON_NAME = AppIcon;
				ASSETCATALOG_COMPILER_GLOBAL_ACCENT_COLOR_NAME = AccentColor;
				CODE_SIGN_IDENTITY = "Apple Development";
				"CODE_SIGN_IDENTITY[sdk=iphoneos*]" = "iPhone Developer";
				CODE_SIGN_STYLE = Manual;
				CURRENT_PROJECT_VERSION = 1;
				DEVELOPMENT_TEAM = "";
				"DEVELOPMENT_TEAM[sdk=iphoneos*]" = 6Y6PJDEC8X;
				GENERATE_INFOPLIST_FILE = YES;
				INFOPLIST_FILE = GiantMall/Info.plist;
				INFOPLIST_KEY_UIApplicationSupportsIndirectInputEvents = YES;
				INFOPLIST_KEY_UILaunchStoryboardName = LaunchScreen;
				INFOPLIST_KEY_UIMainStoryboardFile = Main;
				INFOPLIST_KEY_UISupportedInterfaceOrientations_iPad = "UIInterfaceOrientationPortrait UIInterfaceOrientationPortraitUpsideDown UIInterfaceOrientationLandscapeLeft UIInterfaceOrientationLandscapeRight";
				INFOPLIST_KEY_UISupportedInterfaceOrientations_iPhone = "UIInterfaceOrientationPortrait UIInterfaceOrientationLandscapeLeft UIInterfaceOrientationLandscapeRight";
				IPHONEOS_DEPLOYMENT_TARGET = 15.6;
				LD_RUNPATH_SEARCH_PATHS = (
					"$(inherited)",
					"@executable_path/Frameworks",
				);
				MARKETING_VERSION = 1.0;
				PRODUCT_BUNDLE_IDENTIFIER = com.fp.GiantMall;
				PRODUCT_NAME = "$(TARGET_NAME)";
				PROVISIONING_PROFILE_SPECIFIER = "";
				"PROVISIONING_PROFILE_SPECIFIER[sdk=iphoneos*]" = GiantMall;
				SWIFT_EMIT_LOC_STRINGS = YES;
				TARGETED_DEVICE_FAMILY = "1,2";
			};
			name = Release;
		};
		7E2FC4702EDB4167003FCDDA /* Debug */ = {
			isa = XCBuildConfiguration;
			baseConfigurationReference = DB1CC0D081123F2DA20978DF /* Pods-GiantMallTests.debug.xcconfig */;
			buildSettings = {
				BUNDLE_LOADER = "$(TEST_HOST)";
				CODE_SIGN_IDENTITY = "Apple Development";
				CODE_SIGN_STYLE = Manual;
				CURRENT_PROJECT_VERSION = 1;
				DEVELOPMENT_TEAM = "";
				GENERATE_INFOPLIST_FILE = YES;
				IPHONEOS_DEPLOYMENT_TARGET = 16.2;
				MARKETING_VERSION = 1.0;
				PRODUCT_BUNDLE_IDENTIFIER = com.fp.GiantMallTests;
				PRODUCT_NAME = "$(TARGET_NAME)";
				PROVISIONING_PROFILE_SPECIFIER = "";
				SWIFT_EMIT_LOC_STRINGS = NO;
				TARGETED_DEVICE_FAMILY = "1,2";
				TEST_HOST = "$(BUILT_PRODUCTS_DIR)/GiantMall.app/$(BUNDLE_EXECUTABLE_FOLDER_PATH)/GiantMall";
			};
			name = Debug;
		};
		7E2FC4712EDB4167003FCDDA /* Release */ = {
			isa = XCBuildConfiguration;
			baseConfigurationReference = B8546B7186F466BFDD3F7AC4 /* Pods-GiantMallTests.release.xcconfig */;
			buildSettings = {
				BUNDLE_LOADER = "$(TEST_HOST)";
				CODE_SIGN_IDENTITY = "Apple Development";
				CODE_SIGN_STYLE = Manual;
				CURRENT_PROJECT_VERSION = 1;
				DEVELOPMENT_TEAM = "";
				GENERATE_INFOPLIST_FILE = YES;
				IPHONEOS_DEPLOYMENT_TARGET = 16.2;
				MARKETING_VERSION = 1.0;
				PRODUCT_BUNDLE_IDENTIFIER = com.fp.GiantMallTests;
				PRODUCT_NAME = "$(TARGET_NAME)";
				PROVISIONING_PROFILE_SPECIFIER = "";
				SWIFT_EMIT_LOC_STRINGS = NO;
				TARGETED_DEVICE_FAMILY = "1,2";
				TEST_HOST = "$(BUILT_PRODUCTS_DIR)/GiantMall.app/$(BUNDLE_EXECUTABLE_FOLDER_PATH)/GiantMall";
			};
			name = Release;
		};
		7E2FC4732EDB4167003FCDDA /* Debug */ = {
			isa = XCBuildConfiguration;
			baseConfigurationReference = 406C7B611D1568594847BDBA /* Pods-GiantMall-GiantMallUITests.debug.xcconfig */;
			buildSettings = {
				CODE_SIGN_IDENTITY = "Apple Development";
				CODE_SIGN_STYLE = Manual;
				CURRENT_PROJECT_VERSION = 1;
				DEVELOPMENT_TEAM = "";
				GENERATE_INFOPLIST_FILE = YES;
				MARKETING_VERSION = 1.0;
				PRODUCT_BUNDLE_IDENTIFIER = com.fp.GiantMallUITests;
				PRODUCT_NAME = "$(TARGET_NAME)";
				PROVISIONING_PROFILE_SPECIFIER = "";
				SWIFT_EMIT_LOC_STRINGS = NO;
				TARGETED_DEVICE_FAMILY = "1,2";
				TEST_TARGET_NAME = GiantMall;
			};
			name = Debug;
		};
		7E2FC4742EDB4167003FCDDA /* Release */ = {
			isa = XCBuildConfiguration;
			baseConfigurationReference = 13E814AE3CCB988F15158A71 /* Pods-GiantMall-GiantMallUITests.release.xcconfig */;
			buildSettings = {
				CODE_SIGN_IDENTITY = "Apple Development";
				CODE_SIGN_STYLE = Manual;
				CURRENT_PROJECT_VERSION = 1;
				DEVELOPMENT_TEAM = "";
				GENERATE_INFOPLIST_FILE = YES;
				MARKETING_VERSION = 1.0;
				PRODUCT_BUNDLE_IDENTIFIER = com.fp.GiantMallUITests;
				PRODUCT_NAME = "$(TARGET_NAME)";
				PROVISIONING_PROFILE_SPECIFIER = "";
				SWIFT_EMIT_LOC_STRINGS = NO;
				TARGETED_DEVICE_FAMILY = "1,2";
				TEST_TARGET_NAME = GiantMall;
			};
			name = Release;
		};
/* End XCBuildConfiguration section */

/* Begin XCConfigurationList section */
		7E2FC4382EDB4163003FCDDA /* Build configuration list for PBXProject "GiantMall" */ = {
			isa = XCConfigurationList;
			buildConfigurations = (
				7E2FC46A2EDB4167003FCDDA /* Debug */,
				7E2FC46B2EDB4167003FCDDA /* Release */,
			);
			defaultConfigurationIsVisible = 0;
			defaultConfigurationName = Release;
		};
		7E2FC46C2EDB4167003FCDDA /* Build configuration list for PBXNativeTarget "GiantMall" */ = {
			isa = XCConfigurationList;
			buildConfigurations = (
				7E2FC46D2EDB4167003FCDDA /* Debug */,
				7E2FC46E2EDB4167003FCDDA /* Release */,
			);
			defaultConfigurationIsVisible = 0;
			defaultConfigurationName = Release;
		};
		7E2FC46F2EDB4167003FCDDA /* Build configuration list for PBXNativeTarget "GiantMallTests" */ = {
			isa = XCConfigurationList;
			buildConfigurations = (
				7E2FC4702EDB4167003FCDDA /* Debug */,
				7E2FC4712EDB4167003FCDDA /* Release */,
			);
			defaultConfigurationIsVisible = 0;
			defaultConfigurationName = Release;
		};
		7E2FC4722EDB4167003FCDDA /* Build configuration list for PBXNativeTarget "GiantMallUITests" */ = {
			isa = XCConfigurationList;
			buildConfigurations = (
				7E2FC4732EDB4167003FCDDA /* Debug */,
				7E2FC4742EDB4167003FCDDA /* Release */,
			);
			defaultConfigurationIsVisible = 0;
			defaultConfigurationName = Release;
		};
/* End XCConfigurationList section */
	};
	rootObject = 7E2FC4352EDB4163003FCDDA /* Project object */;
}
